
Microsoft Visual Studio Solution File, Format Version 12.00
# Visual Studio Version 17
VisualStudioVersion = 17.5.001.0
MinimumVisualStudioVersion = 10.0.40219.1
Project("{9A19103F-16F7-4668-BE54-9A1E7A4F7556}") = "ExerciceFarfetch", "ExerciceFarfetch.csproj", "{7FE0D47F-50D2-4485-BFF4-573F3091F404}"
EndProject
Global
	GlobalSection(SolutionConfigurationPlatforms) = preSolution
		Debug|Any CPU = Debug|Any CPU
		Release|Any CPU = Release|Any CPU
	EndGlobalSection
	GlobalSection(ProjectConfigurationPlatforms) = postSolution
		{7FE0D47F-50D2-4485-BFF4-573F3091F404}.Debug|Any CPU.ActiveCfg = Debug|Any CPU
		{7FE0D47F-50D2-4485-BFF4-573F3091F404}.Debug|Any CPU.Build.0 = Debug|Any CPU
		{7FE0D47F-50D2-4485-BFF4-573F3091F404}.Release|Any CPU.ActiveCfg = Release|Any CPU
		{7FE0D47F-50D2-4485-BFF4-573F3091F404}.Release|Any CPU.Build.0 = Release|Any CPU
	EndGlobalSection
	GlobalSection(SolutionProperties) = preSolution
		HideSolutionNode = FALSE
	EndGlobalSection
	GlobalSection(ExtensibilityGlobals) = postSolution
		SolutionGuid = {EAC215AD-1A3C-4960-B9CA-5494171EB356}
	EndGlobalSection
EndGlobal
